
Microsoft Visual Studio Solution File, Format Version 12.00
# Visual Studio Version 17
VisualStudioVersion = 17.14.37111.16 d17.14
MinimumVisualStudioVersion = 10.0.40219.1
Project("{FAE04EC0-301F-11D3-BF4B-00C04F79EFBC}") = "CreativeHubWebApp", "CreativeHubWebApp\CreativeHubWebApp.csproj", "{A8CCE0D0-4040-4A3C-ACCD-F4BF47357D2C}"
EndProject
Global
	GlobalSection(SolutionConfigurationPlatforms) = preSolution
		Debug|Any CPU = Debug|Any CPU
		Release|Any CPU = Release|Any CPU
	EndGlobalSection
	GlobalSection(ProjectConfigurationPlatforms) = postSolution
		{A8CCE0D0-4040-4A3C-ACCD-F4BF47357D2C}.Debug|Any CPU.ActiveCfg = Debug|Any CPU
		{A8CCE0D0-4040-4A3C-ACCD-F4BF47357D2C}.Debug|Any CPU.Build.0 = Debug|Any CPU
		{A8CCE0D0-4040-4A3C-ACCD-F4BF47357D2C}.Release|Any CPU.ActiveCfg = Release|Any CPU
		{A8CCE0D0-4040-4A3C-ACCD-F4BF47357D2C}.Release|Any CPU.Build.0 = Release|Any CPU
	EndGlobalSection
	GlobalSection(SolutionProperties) = preSolution
		HideSolutionNode = FALSE
	EndGlobalSection
	GlobalSection(ExtensibilityGlobals) = postSolution
		SolutionGuid = {95C762DC-B161-4B73-A575-A80CDD27F1B8}
	EndGlobalSection
EndGlobal
