
Microsoft Visual Studio Solution File, Format Version 12.00
# Visual Studio Version 17
VisualStudioVersion = 17.14.37111.16 d17.14
MinimumVisualStudioVersion = 10.0.40219.1
Project("{FAE04EC0-301F-11D3-BF4B-00C04F79EFBC}") = "CreativeHubWebApi", "CreativeHubWebApi\CreativeHubWebApi.csproj", "{B5191DA7-73C0-4277-ACF1-D01EEE1A07BD}"
EndProject
Global
	GlobalSection(SolutionConfigurationPlatforms) = preSolution
		Debug|Any CPU = Debug|Any CPU
		Release|Any CPU = Release|Any CPU
	EndGlobalSection
	GlobalSection(ProjectConfigurationPlatforms) = postSolution
		{B5191DA7-73C0-4277-ACF1-D01EEE1A07BD}.Debug|Any CPU.ActiveCfg = Debug|Any CPU
		{B5191DA7-73C0-4277-ACF1-D01EEE1A07BD}.Debug|Any CPU.Build.0 = Debug|Any CPU
		{B5191DA7-73C0-4277-ACF1-D01EEE1A07BD}.Release|Any CPU.ActiveCfg = Release|Any CPU
		{B5191DA7-73C0-4277-ACF1-D01EEE1A07BD}.Release|Any CPU.Build.0 = Release|Any CPU
	EndGlobalSection
	GlobalSection(SolutionProperties) = preSolution
		HideSolutionNode = FALSE
	EndGlobalSection
	GlobalSection(ExtensibilityGlobals) = postSolution
		SolutionGuid = {5B5475A0-D67D-45BE-938C-BEA9482E3AEB}
	EndGlobalSection
EndGlobal
